
Microsoft Visual Studio Solution File, Format Version 12.00
# Visual Studio Version 16
VisualStudioVersion = 16.0.31205.134
MinimumVisualStudioVersion = 10.0.40219.1
Project("{FAE04EC0-301F-11D3-BF4B-00C04F79EFBC}") = "SecureSilo.Server", "SecureSilo\Server\SecureSilo.Server.csproj", "{2FB31DB7-6599-4833-B7EF-858CA9E4F6F0}"
EndProject
Project("{FAE04EC0-301F-11D3-BF4B-00C04F79EFBC}") = "SecureSilo.Client", "SecureSilo\Client\SecureSilo.Client.csproj", "{EE19A49B-3928-4E71-8AA6-784280E1DF12}"
EndProject
Project("{FAE04EC0-301F-11D3-BF4B-00C04F79EFBC}") = "SecureSilo.Shared", "SecureSilo\Shared\SecureSilo.Shared.csproj", "{EC0ED414-BAB0-4E85-8CE6-A58CE69501C8}"
EndProject
Global
	GlobalSection(SolutionConfigurationPlatforms) = preSolution
		Debug|Any CPU = Debug|Any CPU
		Release|Any CPU = Release|Any CPU
	EndGlobalSection
	GlobalSection(ProjectConfigurationPlatforms) = postSolution
		{2FB31DB7-6599-4833-B7EF-858CA9E4F6F0}.Debug|Any CPU.ActiveCfg = Debug|Any CPU
		{2FB31DB7-6599-4833-B7EF-858CA9E4F6F0}.Debug|Any CPU.Build.0 = Debug|Any CPU
		{2FB31DB7-6599-4833-B7EF-858CA9E4F6F0}.Release|Any CPU.ActiveCfg = Release|Any CPU
		{2FB31DB7-6599-4833-B7EF-858CA9E4F6F0}.Release|Any CPU.Build.0 = Release|Any CPU
		{EE19A49B-3928-4E71-8AA6-784280E1DF12}.Debug|Any CPU.ActiveCfg = Debug|Any CPU
		{EE19A49B-3928-4E71-8AA6-784280E1DF12}.Debug|Any CPU.Build.0 = Debug|Any CPU
		{EE19A49B-3928-4E71-8AA6-784280E1DF12}.Release|Any CPU.ActiveCfg = Release|Any CPU
		{EE19A49B-3928-4E71-8AA6-784280E1DF12}.Release|Any CPU.Build.0 = Release|Any CPU
		{EC0ED414-BAB0-4E85-8CE6-A58CE69501C8}.Debug|Any CPU.ActiveCfg = Debug|Any CPU
		{EC0ED414-BAB0-4E85-8CE6-A58CE69501C8}.Debug|Any CPU.Build.0 = Debug|Any CPU
		{EC0ED414-BAB0-4E85-8CE6-A58CE69501C8}.Release|Any CPU.ActiveCfg = Release|Any CPU
		{EC0ED414-BAB0-4E85-8CE6-A58CE69501C8}.Release|Any CPU.Build.0 = Release|Any CPU
	EndGlobalSection
	GlobalSection(SolutionProperties) = preSolution
		HideSolutionNode = FALSE
	EndGlobalSection
	GlobalSection(ExtensibilityGlobals) = postSolution
		SolutionGuid = {7DBD7718-E27D-4BC5-803A-3FEFCFE50D44}
	EndGlobalSection
EndGlobal
